
Microsoft Visual Studio Solution File, Format Version 12.00
# Visual Studio Version 16
VisualStudioVersion = 16.0.32407.337
MinimumVisualStudioVersion = 10.0.40219.1
Project("{FAE04EC0-301F-11D3-BF4B-00C04F79EFBC}") = "RunningString", "RunningString\RunningString.csproj", "{ED682197-AC32-45DB-858A-C3138BF92314}"
EndProject
Global
	GlobalSection(SolutionConfigurationPlatforms) = preSolution
		Debug|Any CPU = Debug|Any CPU
		Release|Any CPU = Release|Any CPU
	EndGlobalSection
	GlobalSection(ProjectConfigurationPlatforms) = postSolution
		{ED682197-AC32-45DB-858A-C3138BF92314}.Debug|Any CPU.ActiveCfg = Debug|Any CPU
		{ED682197-AC32-45DB-858A-C3138BF92314}.Debug|Any CPU.Build.0 = Debug|Any CPU
		{ED682197-AC32-45DB-858A-C3138BF92314}.Release|Any CPU.ActiveCfg = Release|Any CPU
		{ED682197-AC32-45DB-858A-C3138BF92314}.Release|Any CPU.Build.0 = Release|Any CPU
	EndGlobalSection
	GlobalSection(SolutionProperties) = preSolution
		HideSolutionNode = FALSE
	EndGlobalSection
	GlobalSection(ExtensibilityGlobals) = postSolution
		SolutionGuid = {E552FA3E-A93B-4C64-937F-70046C80D7C0}
	EndGlobalSection
EndGlobal
